// !$*UTF8*$!
{
	archiveVersion = 1;
	classes = {
	};
	objectVersion = 50;
	objects = {

/* Begin PBXBuildFile section */
		194E9EB1DFA682DDC8FEAF8F /* Pods_PhoneNumberAuthenticationWithFirebase.framework in Frameworks */ = {isa = PBXBuildFile; fileRef = B809E76CAD7C7AB869BC100B /* Pods_PhoneNumberAuthenticationWithFirebase.framework */; };
		822FC99821C7CA9B0084826D /* AppDelegate.swift in Sources */ = {isa = PBXBuildFile; fileRef = 822FC99721C7CA9B0084826D /* AppDelegate.swift */; };
		822FC99A21C7CA9B0084826D /* ViewController.swift in Sources */ = {isa = PBXBuildFile; fileRef = 822FC99921C7CA9B0084826D /* ViewController.swift */; };
		822FC99D21C7CA9B0084826D /* Main.storyboard in Resources */ = {isa = PBXBuildFile; fileRef = 822FC99B21C7CA9B0084826D /* Main.storyboard */; };
		822FC99F21C7CA9B0084826D /* Assets.xcassets in Resources */ = {isa = PBXBuildFile; fileRef = 822FC99E21C7CA9B0084826D /* Assets.xcassets */; };
		822FC9A221C7CA9B0084826D /* LaunchScreen.storyboard in Resources */ = {isa = PBXBuildFile; fileRef = 822FC9A021C7CA9B0084826D /* LaunchScreen.storyboard */; };
		822FC9AA21C7CB4D0084826D /* GoogleService-Info.plist in Resources */ = {isa = PBXBuildFile; fileRef = 822FC9A921C7CB4D0084826D /* GoogleService-Info.plist */; };
/* End PBXBuildFile section */

/* Begin PBXFileReference section */
		1DDD3B5E8ACD610AA70FFBD0 /* Pods-PhoneNumberAuthenticationWithFirebase.debug.xcconfig */ = {isa = PBXFileReference; includeInIndex = 1; lastKnownFileType = text.xcconfig; name = "Pods-PhoneNumberAuthenticationWithFirebase.debug.xcconfig"; path = "Pods/Target Support Files/Pods-PhoneNumberAuthenticationWithFirebase/Pods-PhoneNumberAuthenticationWithFirebase.debug.xcconfig"; sourceTree = "<group>"; };
		5D576B735A2ACE37BCBBFC7F /* Pods-PhoneNumberAuthenticationWithFirebase.release.xcconfig */ = {isa = PBXFileReference; includeInIndex = 1; lastKnownFileType = text.xcconfig; name = "Pods-PhoneNumberAuthenticationWithFirebase.release.xcconfig"; path = "Pods/Target Support Files/Pods-PhoneNumberAuthenticationWithFirebase/Pods-PhoneNumberAuthenticationWithFirebase.release.xcconfig"; sourceTree = "<group>"; };
		822FC99421C7CA9B0084826D /* PhoneNumberAuthenticationWithFirebase.app */ = {isa = PBXFileReference; explicitFileType = wrapper.application; includeInIndex = 0; path = PhoneNumberAuthenticationWithFirebase.app; sourceTree = BUILT_PRODUCTS_DIR; };
		822FC99721C7CA9B0084826D /* AppDelegate.swift */ = {isa = PBXFileReference; lastKnownFileType = sourcecode.swift; path = AppDelegate.swift; sourceTree = "<group>"; };
		822FC99921C7CA9B0084826D /* ViewController.swift */ = {isa = PBXFileReference; lastKnownFileType = sourcecode.swift; path = ViewController.swift; sourceTree = "<group>"; };
		822FC99C21C7CA9B0084826D /* Base */ = {isa = PBXFileReference; lastKnownFileType = file.storyboard; name = Base; path = Base.lproj/Main.storyboard; sourceTree = "<group>"; };
		822FC99E21C7CA9B0084826D /* Assets.xcassets */ = {isa = PBXFileReference; lastKnownFileType = folder.assetcatalog; path = Assets.xcassets; sourceTree = "<group>"; };
		822FC9A121C7CA9B0084826D /* Base */ = {isa = PBXFileReference; lastKnownFileType = file.storyboard; name = Base; path = Base.lproj/LaunchScreen.storyboard; sourceTree = "<group>"; };
		822FC9A321C7CA9B0084826D /* Info.plist */ = {isa = PBXFileReference; lastKnownFileType = text.plist.xml; path = Info.plist; sourceTree = "<group>"; };
		822FC9A921C7CB4D0084826D /* GoogleService-Info.plist */ = {isa = PBXFileReference; fileEncoding = 4; lastKnownFileType = text.plist.xml; path = "GoogleService-Info.plist"; sourceTree = "<group>"; };
		B809E76CAD7C7AB869BC100B /* Pods_PhoneNumberAuthenticationWithFirebase.framework */ = {isa = PBXFileReference; explicitFileType = wrapper.framework; includeInIndex = 0; path = Pods_PhoneNumberAuthenticationWithFirebase.framework; sourceTree = BUILT_PRODUCTS_DIR; };
/* End PBXFileReference section */

/* Begin PBXFrameworksBuildPhase section */
		822FC99121C7CA9B0084826D /* Frameworks */ = {
			isa = PBXFrameworksBuildPhase;
			buildActionMask = 2147483647;
			files = (
				194E9EB1DFA682DDC8FEAF8F /* Pods_PhoneNumberAuthenticationWithFirebase.framework in Frameworks */,
			);
			runOnlyForDeploymentPostprocessing = 0;
		};
/* End PBXFrameworksBuildPhase section */

/* Begin PBXGroup section */
		1E500852A790111399E767A1 /* Frameworks */ = {
			isa = PBXGroup;
			children = (
				B809E76CAD7C7AB869BC100B /* Pods_PhoneNumberAuthenticationWithFirebase.framework */,
			);
			name = Frameworks;
			sourceTree = "<group>";
		};
		28713B1FDFAED40D1B90B125 /* Pods */ = {
			isa = PBXGroup;
			children = (
				1DDD3B5E8ACD610AA70FFBD0 /* Pods-PhoneNumberAuthenticationWithFirebase.debug.xcconfig */,
				5D576B735A2ACE37BCBBFC7F /* Pods-PhoneNumberAuthenticationWithFirebase.release.xcconfig */,
			);
			name = Pods;
			sourceTree = "<group>";
		};
		822FC98B21C7CA9B0084826D = {
			isa = PBXGroup;
			children = (
				822FC99621C7CA9B0084826D /* PhoneNumberAuthenticationWithFirebase */,
				822FC99521C7CA9B0084826D /* Products */,
				28713B1FDFAED40D1B90B125 /* Pods */,
				1E500852A790111399E767A1 /* Frameworks */,
			);
			sourceTree = "<group>";
		};
		822FC99521C7CA9B0084826D /* Products */ = {
			isa = PBXGroup;
			children = (
				822FC99421C7CA9B0084826D /* PhoneNumberAuthenticationWithFirebase.app */,
			);
			name = Products;
			sourceTree = "<group>";
		};
		822FC99621C7CA9B0084826D /* PhoneNumberAuthenticationWithFirebase */ = {
			isa = PBXGroup;
			children = (
				822FC99721C7CA9B0084826D /* AppDelegate.swift */,
				822FC99921C7CA9B0084826D /* ViewController.swift */,
				822FC99B21C7CA9B0084826D /* Main.storyboard */,
				822FC99E21C7CA9B0084826D /* Assets.xcassets */,
				822FC9A021C7CA9B0084826D /* LaunchScreen.storyboard */,
				822FC9A321C7CA9B0084826D /* Info.plist */,
				822FC9A921C7CB4D0084826D /* GoogleService-Info.plist */,
			);
			path = PhoneNumberAuthenticationWithFirebase;
			sourceTree = "<group>";
		};
/* End PBXGroup section */

/* Begin PBXNativeTarget section */
		822FC99321C7CA9B0084826D /* PhoneNumberAuthenticationWithFirebase */ = {
			isa = PBXNativeTarget;
			buildConfigurationList = 822FC9A621C7CA9B0084826D /* Build configuration list for PBXNativeTarget "PhoneNumberAuthenticationWithFirebase" */;
			buildPhases = (
				D8FE6981C724B4816C6F85A7 /* [CP] Check Pods Manifest.lock */,
				822FC99021C7CA9B0084826D /* Sources */,
				822FC99121C7CA9B0084826D /* Frameworks */,
				822FC99221C7CA9B0084826D /* Resources */,
				90630A7396554314BAFF102D /* [CP] Embed Pods Frameworks */,
			);
			buildRules = (
			);
			dependencies = (
			);
			name = PhoneNumberAuthenticationWithFirebase;
			productName = PhoneNumberAuthenticationWithFirebase;
			productReference = 822FC99421C7CA9B0084826D /* PhoneNumberAuthenticationWithFirebase.app */;
			productType = "com.apple.product-type.application";
		};
/* End PBXNativeTarget section */

/* Begin PBXProject section */
		822FC98C21C7CA9B0084826D /* Project object */ = {
			isa = PBXProject;
			attributes = {
				LastSwiftUpdateCheck = 1000;
				LastUpgradeCheck = 1000;
				ORGANIZATIONNAME = "Soeng Saravit";
				TargetAttributes = {
					822FC99321C7CA9B0084826D = {
						CreatedOnToolsVersion = 10.0;
					};
				};
			};
			buildConfigurationList = 822FC98F21C7CA9B0084826D /* Build configuration list for PBXProject "PhoneNumberAuthenticationWithFirebase" */;
			compatibilityVersion = "Xcode 9.3";
			developmentRegion = en;
			hasScannedForEncodings = 0;
			knownRegions = (
				en,
				Base,
			);
			mainGroup = 822FC98B21C7CA9B0084826D;
			productRefGroup = 822FC99521C7CA9B0084826D /* Products */;
			projectDirPath = "";
			projectRoot = "";
			targets = (
				822FC99321C7CA9B0084826D /* PhoneNumberAuthenticationWithFirebase */,
			);
		};
/* End PBXProject section */

/* Begin PBXResourcesBuildPhase section */
		822FC99221C7CA9B0084826D /* Resources */ = {
			isa = PBXResourcesBuildPhase;
			buildActionMask = 2147483647;
			files = (
				822FC9A221C7CA9B0084826D /* LaunchScreen.storyboard in Resources */,
				822FC9AA21C7CB4D0084826D /* GoogleService-Info.plist in Resources */,
				822FC99F21C7CA9B0084826D /* Assets.xcassets in Resources */,
				822FC99D21C7CA9B0084826D /* Main.storyboard in Resources */,
			);
			runOnlyForDeploymentPostprocessing = 0;
		};
/* End PBXResourcesBuildPhase section */

/* Begin PBXShellScriptBuildPhase section */
		90630A7396554314BAFF102D /* [CP] Embed Pods Frameworks */ = {
			isa = PBXShellScriptBuildPhase;
			buildActionMask = 2147483647;
			files = (
			);
			inputFileListPaths = (
			);
			inputPaths = (
				"${SRCROOT}/Pods/Target Support Files/Pods-PhoneNumberAuthenticationWithFirebase/Pods-PhoneNumberAuthenticationWithFirebase-frameworks.sh",
				"${BUILT_PRODUCTS_DIR}/GTMSessionFetcher/GTMSessionFetcher.framework",
				"${BUILT_PRODUCTS_DIR}/GoogleUtilities/GoogleUtilities.framework",
			);
			name = "[CP] Embed Pods Frameworks";
			outputFileListPaths = (
			);
			outputPaths = (
				"${TARGET_BUILD_DIR}/${FRAMEWORKS_FOLDER_PATH}/GTMSessionFetcher.framework",
				"${TARGET_BUILD_DIR}/${FRAMEWORKS_FOLDER_PATH}/GoogleUtilities.framework",
			);
			runOnlyForDeploymentPostprocessing = 0;
			shellPath = /bin/sh;
			shellScript = "\"${SRCROOT}/Pods/Target Support Files/Pods-PhoneNumberAuthenticationWithFirebase/Pods-PhoneNumberAuthenticationWithFirebase-frameworks.sh\"\n";
			showEnvVarsInLog = 0;
		};
		D8FE6981C724B4816C6F85A7 /* [CP] Check Pods Manifest.lock */ = {
			isa = PBXShellScriptBuildPhase;
			buildActionMask = 2147483647;
			files = (
			);
			inputFileListPaths = (
			);
			inputPaths = (
				"${PODS_PODFILE_DIR_PATH}/Podfile.lock",
				"${PODS_ROOT}/Manifest.lock",
			);
			name = "[CP] Check Pods Manifest.lock";
			outputFileListPaths = (
			);
			outputPaths = (
				"$(DERIVED_FILE_DIR)/Pods-PhoneNumberAuthenticationWithFirebase-checkManifestLockResult.txt",
			);
			runOnlyForDeploymentPostprocessing = 0;
			shellPath = /bin/sh;
			shellScript = "diff \"${PODS_PODFILE_DIR_PATH}/Podfile.lock\" \"${PODS_ROOT}/Manifest.lock\" > /dev/null\nif [ $? != 0 ] ; then\n    # print error to STDERR\n    echo \"error: The sandbox is not in sync with the Podfile.lock. Run 'pod install' or update your CocoaPods installation.\" >&2\n    exit 1\nfi\n# This output is used by Xcode 'outputs' to avoid re-running this script phase.\necho \"SUCCESS\" > \"${SCRIPT_OUTPUT_FILE_0}\"\n";
			showEnvVarsInLog = 0;
		};
/* End PBXShellScriptBuildPhase section */

/* Begin PBXSourcesBuildPhase section */
		822FC99021C7CA9B0084826D /* Sources */ = {
			isa = PBXSourcesBuildPhase;
			buildActionMask = 2147483647;
			files = (
				822FC99A21C7CA9B0084826D /* ViewController.swift in Sources */,
				822FC99821C7CA9B0084826D /* AppDelegate.swift in Sources */,
			);
			runOnlyForDeploymentPostprocessing = 0;
		};
/* End PBXSourcesBuildPhase section */

/* Begin PBXVariantGroup section */
		822FC99B21C7CA9B0084826D /* Main.storyboard */ = {
			isa = PBXVariantGroup;
			children = (
				822FC99C21C7CA9B0084826D /* Base */,
			);
			name = Main.storyboard;
			sourceTree = "<group>";
		};
		822FC9A021C7CA9B0084826D /* LaunchScreen.storyboard */ = {
			isa = PBXVariantGroup;
			children = (
				822FC9A121C7CA9B0084826D /* Base */,
			);
			name = LaunchScreen.storyboard;
			sourceTree = "<group>";
		};
/* End PBXVariantGroup section */

/* Begin XCBuildConfiguration section */
		822FC9A421C7CA9B0084826D /* Debug */ = {
			isa = XCBuildConfiguration;
			buildSettings = {
				ALWAYS_SEARCH_USER_PATHS = NO;
				CLANG_ANALYZER_NONNULL = YES;
				CLANG_ANALYZER_NUMBER_OBJECT_CONVERSION = YES_AGGRESSIVE;
				CLANG_CXX_LANGUAGE_STANDARD = "gnu++14";
				CLANG_CXX_LIBRARY = "libc++";
				CLANG_ENABLE_MODULES = YES;
				CLANG_ENABLE_OBJC_ARC = YES;
				CLANG_ENABLE_OBJC_WEAK = YES;
				CLANG_WARN_BLOCK_CAPTURE_AUTORELEASING = YES;
				CLANG_WARN_BOOL_CONVERSION = YES;
				CLANG_WARN_COMMA = YES;
				CLANG_WARN_CONSTANT_CONVERSION = YES;
				CLANG_WARN_DEPRECATED_OBJC_IMPLEMENTATIONS = YES;
				CLANG_WARN_DIRECT_OBJC_ISA_USAGE = YES_ERROR;
				CLANG_WARN_DOCUMENTATION_COMMENTS = YES;
				CLANG_WARN_EMPTY_BODY = YES;
				CLANG_WARN_ENUM_CONVERSION = YES;
				CLANG_WARN_INFINITE_RECURSION = YES;
				CLANG_WARN_INT_CONVERSION = YES;
				CLANG_WARN_NON_LITERAL_NULL_CONVERSION = YES;
				CLANG_WARN_OBJC_IMPLICIT_RETAIN_SELF = YES;
				CLANG_WARN_OBJC_LITERAL_CONVERSION = YES;
				CLANG_WARN_OBJC_ROOT_CLASS = YES_ERROR;
				CLANG_WARN_RANGE_LOOP_ANALYSIS = YES;
				CLANG_WARN_STRICT_PROTOTYPES = YES;
				CLANG_WARN_SUSPICIOUS_MOVE = YES;
				CLANG_WARN_UNGUARDED_AVAILABILITY = YES_AGGRESSIVE;
				CLANG_WARN_UNREACHABLE_CODE = YES;
				CLANG_WARN__DUPLICATE_METHOD_MATCH = YES;
				CODE_SIGN_IDENTITY = "iPhone Developer";
				COPY_PHASE_STRIP = NO;
				DEBUG_INFORMATION_FORMAT = dwarf;
				ENABLE_STRICT_OBJC_MSGSEND = YES;
				ENABLE_TESTABILITY = YES;
				GCC_C_LANGUAGE_STANDARD = gnu11;
				GCC_DYNAMIC_NO_PIC = NO;
				GCC_NO_COMMON_BLOCKS = YES;
				GCC_OPTIMIZATION_LEVEL = 0;
				GCC_PREPROCESSOR_DEFINITIONS = (
					"DEBUG=1",
					"$(inherited)",
				);
				GCC_WARN_64_TO_32_BIT_CONVERSION = YES;
				GCC_WARN_ABOUT_RETURN_TYPE = YES_ERROR;
				GCC_WARN_UNDECLARED_SELECTOR = YES;
				GCC_WARN_UNINITIALIZED_AUTOS = YES_AGGRESSIVE;
				GCC_WARN_UNUSED_FUNCTION = YES;
				GCC_WARN_UNUSED_VARIABLE = YES;
				IPHONEOS_DEPLOYMENT_TARGET = 12.0;
				MTL_ENABLE_DEBUG_INFO = INCLUDE_SOURCE;
				MTL_FAST_MATH = YES;
				ONLY_ACTIVE_ARCH = YES;
				SDKROOT = iphoneos;
				SWIFT_ACTIVE_COMPILATION_CONDITIONS = DEBUG;
				SWIFT_OPTIMIZATION_LEVEL = "-Onone";
			};
			name = Debug;
		};
		822FC9A521C7CA9B0084826D /* Release */ = {
			isa = XCBuildConfiguration;
			buildSettings = {
				ALWAYS_SEARCH_USER_PATHS = NO;
				CLANG_ANALYZER_NONNULL = YES;
				CLANG_ANALYZER_NUMBER_OBJECT_CONVERSION = YES_AGGRESSIVE;
				CLANG_CXX_LANGUAGE_STANDARD = "gnu++14";
				CLANG_CXX_LIBRARY = "libc++";
				CLANG_ENABLE_MODULES = YES;
				CLANG_ENABLE_OBJC_ARC = YES;
				CLANG_ENABLE_OBJC_WEAK = YES;
				CLANG_WARN_BLOCK_CAPTURE_AUTORELEASING = YES;
				CLANG_WARN_BOOL_CONVERSION = YES;
				CLANG_WARN_COMMA = YES;
				CLANG_WARN_CONSTANT_CONVERSION = YES;
				CLANG_WARN_DEPRECATED_OBJC_IMPLEMENTATIONS = YES;
				CLANG_WARN_DIRECT_OBJC_ISA_USAGE = YES_ERROR;
				CLANG_WARN_DOCUMENTATION_COMMENTS = YES;
				CLANG_WARN_EMPTY_BODY = YES;
				CLANG_WARN_ENUM_CONVERSION = YES;
				CLANG_WARN_INFINITE_RECURSION = YES;
				CLANG_WARN_INT_CONVERSION = YES;
				CLANG_WARN_NON_LITERAL_NULL_CONVERSION = YES;
				CLANG_WARN_OBJC_IMPLICIT_RETAIN_SELF = YES;
				CLANG_WARN_OBJC_LITERAL_CONVERSION = YES;
				CLANG_WARN_OBJC_ROOT_CLASS = YES_ERROR;
				CLANG_WARN_RANGE_LOOP_ANALYSIS = YES;
				CLANG_WARN_STRICT_PROTOTYPES = YES;
				CLANG_WARN_SUSPICIOUS_MOVE = YES;
				CLANG_WARN_UNGUARDED_AVAILABILITY = YES_AGGRESSIVE;
				CLANG_WARN_UNREACHABLE_CODE = YES;
				CLANG_WARN__DUPLICATE_METHOD_MATCH = YES;
				CODE_SIGN_IDENTITY = "iPhone Developer";
				COPY_PHASE_STRIP = NO;
				DEBUG_INFORMATION_FORMAT = "dwarf-with-dsym";
				ENABLE_NS_ASSERTIONS = NO;
				ENABLE_STRICT_OBJC_MSGSEND = YES;
				GCC_C_LANGUAGE_STANDARD = gnu11;
				GCC_NO_COMMON_BLOCKS = YES;
				GCC_WARN_64_TO_32_BIT_CONVERSION = YES;
				GCC_WARN_ABOUT_RETURN_TYPE = YES_ERROR;
				GCC_WARN_UNDECLARED_SELECTOR = YES;
				GCC_WARN_UNINITIALIZED_AUTOS = YES_AGGRESSIVE;
				GCC_WARN_UNUSED_FUNCTION = YES;
				GCC_WARN_UNUSED_VARIABLE = YES;
				IPHONEOS_DEPLOYMENT_TARGET = 12.0;
				MTL_ENABLE_DEBUG_INFO = NO;
				MTL_FAST_MATH = YES;
				SDKROOT = iphoneos;
				SWIFT_COMPILATION_MODE = wholemodule;
				SWIFT_OPTIMIZATION_LEVEL = "-O";
				VALIDATE_PRODUCT = YES;
			};
			name = Release;
		};
		822FC9A721C7CA9B0084826D /* Debug */ = {
			isa = XCBuildConfiguration;
			baseConfigurationReference = 1DDD3B5E8ACD610AA70FFBD0 /* Pods-PhoneNumberAuthenticationWithFirebase.debug.xcconfig */;
			buildSettings = {
				ASSETCATALOG_COMPILER_APPICON_NAME = AppIcon;
				CODE_SIGN_STYLE = Automatic;
				DEVELOPMENT_TEAM = 87WT7A65MC;
				INFOPLIST_FILE = PhoneNumberAuthenticationWithFirebase/Info.plist;
				LD_RUNPATH_SEARCH_PATHS = (
					"$(inherited)",
					"@executable_path/Frameworks",
				);
				PRODUCT_BUNDLE_IDENTIFIER = com.hrd.PhoneNumberAuthenticationWithFirebase;
				PRODUCT_NAME = "$(TARGET_NAME)";
				SWIFT_VERSION = 4.2;
				TARGETED_DEVICE_FAMILY = "1,2";
			};
			name = Debug;
		};
		822FC9A821C7CA9B0084826D /* Release */ = {
			isa = XCBuildConfiguration;
			baseConfigurationReference = 5D576B735A2ACE37BCBBFC7F /* Pods-PhoneNumberAuthenticationWithFirebase.release.xcconfig */;
			buildSettings = {
				ASSETCATALOG_COMPILER_APPICON_NAME = AppIcon;
				CODE_SIGN_STYLE = Automatic;
				DEVELOPMENT_TEAM = 87WT7A65MC;
				INFOPLIST_FILE = PhoneNumberAuthenticationWithFirebase/Info.plist;
				LD_RUNPATH_SEARCH_PATHS = (
					"$(inherited)",
					"@executable_path/Frameworks",
				);
				PRODUCT_BUNDLE_IDENTIFIER = com.hrd.PhoneNumberAuthenticationWithFirebase;
				PRODUCT_NAME = "$(TARGET_NAME)";
				SWIFT_VERSION = 4.2;
				TARGETED_DEVICE_FAMILY = "1,2";
			};
			name = Release;
		};
/* End XCBuildConfiguration section */

/* Begin XCConfigurationList section */
		822FC98F21C7CA9B0084826D /* Build configuration list for PBXProject "PhoneNumberAuthenticationWithFirebase" */ = {
			isa = XCConfigurationList;
			buildConfigurations = (
				822FC9A421C7CA9B0084826D /* Debug */,
				822FC9A521C7CA9B0084826D /* Release */,
			);
			defaultConfigurationIsVisible = 0;
			defaultConfigurationName = Release;
		};
		822FC9A621C7CA9B0084826D /* Build configuration list for PBXNativeTarget "PhoneNumberAuthenticationWithFirebase" */ = {
			isa = XCConfigurationList;
			buildConfigurations = (
				822FC9A721C7CA9B0084826D /* Debug */,
				822FC9A821C7CA9B0084826D /* Release */,
			);
			defaultConfigurationIsVisible = 0;
			defaultConfigurationName = Release;
		};
/* End XCConfigurationList section */
	};
	rootObject = 822FC98C21C7CA9B0084826D /* Project object */;
}
